
Microsoft Visual Studio Solution File, Format Version 12.00
# Visual Studio Version 16
VisualStudioVersion = 16.0.30907.101
MinimumVisualStudioVersion = 10.0.40219.1
Project("{FAE04EC0-301F-11D3-BF4B-00C04F79EFBC}") = "reto 2-3 semana 2", "reto 2-3 semana 2\reto 2-3 semana 2.csproj", "{3D66DC26-C051-4D18-B53D-96C06639F6EB}"
EndProject
Global
	GlobalSection(SolutionConfigurationPlatforms) = preSolution
		Debug|Any CPU = Debug|Any CPU
		Release|Any CPU = Release|Any CPU
	EndGlobalSection
	GlobalSection(ProjectConfigurationPlatforms) = postSolution
		{3D66DC26-C051-4D18-B53D-96C06639F6EB}.Debug|Any CPU.ActiveCfg = Debug|Any CPU
		{3D66DC26-C051-4D18-B53D-96C06639F6EB}.Debug|Any CPU.Build.0 = Debug|Any CPU
		{3D66DC26-C051-4D18-B53D-96C06639F6EB}.Release|Any CPU.ActiveCfg = Release|Any CPU
		{3D66DC26-C051-4D18-B53D-96C06639F6EB}.Release|Any CPU.Build.0 = Release|Any CPU
	EndGlobalSection
	GlobalSection(SolutionProperties) = preSolution
		HideSolutionNode = FALSE
	EndGlobalSection
	GlobalSection(ExtensibilityGlobals) = postSolution
		SolutionGuid = {7AE06A37-7D2F-4A41-9C4E-13CD58CA34D3}
	EndGlobalSection
EndGlobal
